// !$*UTF8*$!
{
	archiveVersion = 1;
	classes = {
	};
	objectVersion = 46;
	objects = {

/* Begin PBXBuildFile section */
		2B5445E0D93086122F5C79A7 /* Pods_TestTaskTests.framework in Frameworks */ = {isa = PBXBuildFile; fileRef = 92DAE30791D8D62592D9EAB6 /* Pods_TestTaskTests.framework */; };
		3A7925D4ABD6FA57BC7F5730 /* Pods_TestTask.framework in Frameworks */ = {isa = PBXBuildFile; fileRef = 9977BC30B9BC7F38D3664969 /* Pods_TestTask.framework */; };
		C3CC5D8F1F0F2CB000D7C874 /* Utils in Resources */ = {isa = PBXBuildFile; fileRef = C3CC5D8B1F0F2CB000D7C874 /* Utils */; };
		C3CC5D931F0F32C500D7C874 /* Utils in Sources */ = {isa = PBXBuildFile; fileRef = C3CC5D8B1F0F2CB000D7C874 /* Utils */; };
		C3CC5D9B1F0F34A900D7C874 /* EmailTextView.swift in Sources */ = {isa = PBXBuildFile; fileRef = C3CC5D981F0F34A900D7C874 /* EmailTextView.swift */; };
		C3CC5D9C1F0F34A900D7C874 /* PasswordTextView.swift in Sources */ = {isa = PBXBuildFile; fileRef = C3CC5D991F0F34A900D7C874 /* PasswordTextView.swift */; };
		C3CC5D9D1F0F34A900D7C874 /* TextView.swift in Sources */ = {isa = PBXBuildFile; fileRef = C3CC5D9A1F0F34A900D7C874 /* TextView.swift */; };
		C3CC5DA01F0F34B000D7C874 /* Weather.swift in Sources */ = {isa = PBXBuildFile; fileRef = C3CC5D9E1F0F34B000D7C874 /* Weather.swift */; };
		C3CC5DA11F0F34B000D7C874 /* WeatherAPI.swift in Sources */ = {isa = PBXBuildFile; fileRef = C3CC5D9F1F0F34B000D7C874 /* WeatherAPI.swift */; };
		C3CC5DA31F0F34B700D7C874 /* WeatherManager.swift in Sources */ = {isa = PBXBuildFile; fileRef = C3CC5DA21F0F34B700D7C874 /* WeatherManager.swift */; };
		C3CC5DA51F0F34C300D7C874 /* ViewController.swift in Sources */ = {isa = PBXBuildFile; fileRef = C3CC5DA41F0F34C300D7C874 /* ViewController.swift */; };
		C3D045651FDBB978CF6D8108 /* Pods_TestTaskUITests.framework in Frameworks */ = {isa = PBXBuildFile; fileRef = C76D1CE58CF45C1353BD1C92 /* Pods_TestTaskUITests.framework */; };
		C3D36D4A1F053D9000B5CABA /* AppDelegate.swift in Sources */ = {isa = PBXBuildFile; fileRef = C3D36D491F053D9000B5CABA /* AppDelegate.swift */; };
		C3D36D4F1F053D9000B5CABA /* Main.storyboard in Resources */ = {isa = PBXBuildFile; fileRef = C3D36D4D1F053D9000B5CABA /* Main.storyboard */; };
		C3D36D511F053D9000B5CABA /* Assets.xcassets in Resources */ = {isa = PBXBuildFile; fileRef = C3D36D501F053D9000B5CABA /* Assets.xcassets */; };
		C3D36D541F053D9000B5CABA /* LaunchScreen.storyboard in Resources */ = {isa = PBXBuildFile; fileRef = C3D36D521F053D9000B5CABA /* LaunchScreen.storyboard */; };
		C3D36D5F1F053D9100B5CABA /* TestTaskTests.swift in Sources */ = {isa = PBXBuildFile; fileRef = C3D36D5E1F053D9100B5CABA /* TestTaskTests.swift */; };
		C3D36D6A1F053D9100B5CABA /* TestTaskUITests.swift in Sources */ = {isa = PBXBuildFile; fileRef = C3D36D691F053D9100B5CABA /* TestTaskUITests.swift */; };
/* End PBXBuildFile section */

/* Begin PBXContainerItemProxy section */
		C3D36D5B1F053D9100B5CABA /* PBXContainerItemProxy */ = {
			isa = PBXContainerItemProxy;
			containerPortal = C3D36D3E1F053D9000B5CABA /* Project object */;
			proxyType = 1;
			remoteGlobalIDString = C3D36D451F053D9000B5CABA;
			remoteInfo = TestTask;
		};
		C3D36D661F053D9100B5CABA /* PBXContainerItemProxy */ = {
			isa = PBXContainerItemProxy;
			containerPortal = C3D36D3E1F053D9000B5CABA /* Project object */;
			proxyType = 1;
			remoteGlobalIDString = C3D36D451F053D9000B5CABA;
			remoteInfo = TestTask;
		};
/* End PBXContainerItemProxy section */

/* Begin PBXFileReference section */
		68F890DC26E302E9F3DFB503 /* Pods-TestTask.release.xcconfig */ = {isa = PBXFileReference; includeInIndex = 1; lastKnownFileType = text.xcconfig; name = "Pods-TestTask.release.xcconfig"; path = "Pods/Target Support Files/Pods-TestTask/Pods-TestTask.release.xcconfig"; sourceTree = "<group>"; };
		6F1BE6C45DD1F9A59DE62AB7 /* Pods-TestTaskTests.release.xcconfig */ = {isa = PBXFileReference; includeInIndex = 1; lastKnownFileType = text.xcconfig; name = "Pods-TestTaskTests.release.xcconfig"; path = "Pods/Target Support Files/Pods-TestTaskTests/Pods-TestTaskTests.release.xcconfig"; sourceTree = "<group>"; };
		7114C6449BD94B5E9A282B14 /* Pods-TestTask.debug.xcconfig */ = {isa = PBXFileReference; includeInIndex = 1; lastKnownFileType = text.xcconfig; name = "Pods-TestTask.debug.xcconfig"; path = "Pods/Target Support Files/Pods-TestTask/Pods-TestTask.debug.xcconfig"; sourceTree = "<group>"; };
		7A3382C01C6E794C40AFFB36 /* Pods-TestTaskUITests.debug.xcconfig */ = {isa = PBXFileReference; includeInIndex = 1; lastKnownFileType = text.xcconfig; name = "Pods-TestTaskUITests.debug.xcconfig"; path = "Pods/Target Support Files/Pods-TestTaskUITests/Pods-TestTaskUITests.debug.xcconfig"; sourceTree = "<group>"; };
		7FE600D89B65D828AC32DB79 /* Pods-TestTaskTests.debug.xcconfig */ = {isa = PBXFileReference; includeInIndex = 1; lastKnownFileType = text.xcconfig; name = "Pods-TestTaskTests.debug.xcconfig"; path = "Pods/Target Support Files/Pods-TestTaskTests/Pods-TestTaskTests.debug.xcconfig"; sourceTree = "<group>"; };
		92DAE30791D8D62592D9EAB6 /* Pods_TestTaskTests.framework */ = {isa = PBXFileReference; explicitFileType = wrapper.framework; includeInIndex = 0; path = Pods_TestTaskTests.framework; sourceTree = BUILT_PRODUCTS_DIR; };
		9977BC30B9BC7F38D3664969 /* Pods_TestTask.framework */ = {isa = PBXFileReference; explicitFileType = wrapper.framework; includeInIndex = 0; path = Pods_TestTask.framework; sourceTree = BUILT_PRODUCTS_DIR; };
		C3CC5D8B1F0F2CB000D7C874 /* Utils */ = {isa = PBXFileReference; lastKnownFileType = folder; path = Utils; sourceTree = "<group>"; };
		C3CC5D981F0F34A900D7C874 /* EmailTextView.swift */ = {isa = PBXFileReference; fileEncoding = 4; lastKnownFileType = sourcecode.swift; name = EmailTextView.swift; path = UI/Components/EmailTextView.swift; sourceTree = "<group>"; };
		C3CC5D991F0F34A900D7C874 /* PasswordTextView.swift */ = {isa = PBXFileReference; fileEncoding = 4; lastKnownFileType = sourcecode.swift; name = PasswordTextView.swift; path = UI/Components/PasswordTextView.swift; sourceTree = "<group>"; };
		C3CC5D9A1F0F34A900D7C874 /* TextView.swift */ = {isa = PBXFileReference; fileEncoding = 4; lastKnownFileType = sourcecode.swift; name = TextView.swift; path = UI/Components/TextView.swift; sourceTree = "<group>"; };
		C3CC5D9E1F0F34B000D7C874 /* Weather.swift */ = {isa = PBXFileReference; fileEncoding = 4; lastKnownFileType = sourcecode.swift; name = Weather.swift; path = Model/Weather.swift; sourceTree = "<group>"; };
		C3CC5D9F1F0F34B000D7C874 /* WeatherAPI.swift */ = {isa = PBXFileReference; fileEncoding = 4; lastKnownFileType = sourcecode.swift; name = WeatherAPI.swift; path = Model/WeatherAPI.swift; sourceTree = "<group>"; };
		C3CC5DA21F0F34B700D7C874 /* WeatherManager.swift */ = {isa = PBXFileReference; fileEncoding = 4; lastKnownFileType = sourcecode.swift; name = WeatherManager.swift; path = Logic/WeatherManager.swift; sourceTree = "<group>"; };
		C3CC5DA41F0F34C300D7C874 /* ViewController.swift */ = {isa = PBXFileReference; fileEncoding = 4; lastKnownFileType = sourcecode.swift; name = ViewController.swift; path = UI/ViewController.swift; sourceTree = "<group>"; };
		C3D36D461F053D9000B5CABA /* TestTask.app */ = {isa = PBXFileReference; explicitFileType = wrapper.application; includeInIndex = 0; path = TestTask.app; sourceTree = BUILT_PRODUCTS_DIR; };
		C3D36D491F053D9000B5CABA /* AppDelegate.swift */ = {isa = PBXFileReference; lastKnownFileType = sourcecode.swift; path = AppDelegate.swift; sourceTree = "<group>"; };
		C3D36D4E1F053D9000B5CABA /* Base */ = {isa = PBXFileReference; lastKnownFileType = file.storyboard; name = Base; path = Base.lproj/Main.storyboard; sourceTree = "<group>"; };
		C3D36D501F053D9000B5CABA /* Assets.xcassets */ = {isa = PBXFileReference; lastKnownFileType = folder.assetcatalog; path = Assets.xcassets; sourceTree = "<group>"; };
		C3D36D531F053D9000B5CABA /* Base */ = {isa = PBXFileReference; lastKnownFileType = file.storyboard; name = Base; path = Base.lproj/LaunchScreen.storyboard; sourceTree = "<group>"; };
		C3D36D551F053D9000B5CABA /* Info.plist */ = {isa = PBXFileReference; lastKnownFileType = text.plist.xml; path = Info.plist; sourceTree = "<group>"; };
		C3D36D5A1F053D9100B5CABA /* TestTaskTests.xctest */ = {isa = PBXFileReference; explicitFileType = wrapper.cfbundle; includeInIndex = 0; path = TestTaskTests.xctest; sourceTree = BUILT_PRODUCTS_DIR; };
		C3D36D5E1F053D9100B5CABA /* TestTaskTests.swift */ = {isa = PBXFileReference; lastKnownFileType = sourcecode.swift; path = TestTaskTests.swift; sourceTree = "<group>"; };
		C3D36D601F053D9100B5CABA /* Info.plist */ = {isa = PBXFileReference; lastKnownFileType = text.plist.xml; path = Info.plist; sourceTree = "<group>"; };
		C3D36D651F053D9100B5CABA /* TestTaskUITests.xctest */ = {isa = PBXFileReference; explicitFileType = wrapper.cfbundle; includeInIndex = 0; path = TestTaskUITests.xctest; sourceTree = BUILT_PRODUCTS_DIR; };
		C3D36D691F053D9100B5CABA /* TestTaskUITests.swift */ = {isa = PBXFileReference; lastKnownFileType = sourcecode.swift; path = TestTaskUITests.swift; sourceTree = "<group>"; };
		C3D36D6B1F053D9100B5CABA /* Info.plist */ = {isa = PBXFileReference; lastKnownFileType = text.plist.xml; path = Info.plist; sourceTree = "<group>"; };
		C76D1CE58CF45C1353BD1C92 /* Pods_TestTaskUITests.framework */ = {isa = PBXFileReference; explicitFileType = wrapper.framework; includeInIndex = 0; path = Pods_TestTaskUITests.framework; sourceTree = BUILT_PRODUCTS_DIR; };
		DF8EB2BAB1EE7D55B6E58573 /* Pods-TestTaskUITests.release.xcconfig */ = {isa = PBXFileReference; includeInIndex = 1; lastKnownFileType = text.xcconfig; name = "Pods-TestTaskUITests.release.xcconfig"; path = "Pods/Target Support Files/Pods-TestTaskUITests/Pods-TestTaskUITests.release.xcconfig"; sourceTree = "<group>"; };
/* End PBXFileReference section */

/* Begin PBXFrameworksBuildPhase section */
		C3D36D431F053D9000B5CABA /* Frameworks */ = {
			isa = PBXFrameworksBuildPhase;
			buildActionMask = 2147483647;
			files = (
				3A7925D4ABD6FA57BC7F5730 /* Pods_TestTask.framework in Frameworks */,
			);
			runOnlyForDeploymentPostprocessing = 0;
		};
		C3D36D571F053D9100B5CABA /* Frameworks */ = {
			isa = PBXFrameworksBuildPhase;
			buildActionMask = 2147483647;
			files = (
				2B5445E0D93086122F5C79A7 /* Pods_TestTaskTests.framework in Frameworks */,
			);
			runOnlyForDeploymentPostprocessing = 0;
		};
		C3D36D621F053D9100B5CABA /* Frameworks */ = {
			isa = PBXFrameworksBuildPhase;
			buildActionMask = 2147483647;
			files = (
				C3D045651FDBB978CF6D8108 /* Pods_TestTaskUITests.framework in Frameworks */,
			);
			runOnlyForDeploymentPostprocessing = 0;
		};
/* End PBXFrameworksBuildPhase section */

/* Begin PBXGroup section */
		13CE46B677CDCE049BA00E55 /* Pods */ = {
			isa = PBXGroup;
			children = (
				7114C6449BD94B5E9A282B14 /* Pods-TestTask.debug.xcconfig */,
				68F890DC26E302E9F3DFB503 /* Pods-TestTask.release.xcconfig */,
				7FE600D89B65D828AC32DB79 /* Pods-TestTaskTests.debug.xcconfig */,
				6F1BE6C45DD1F9A59DE62AB7 /* Pods-TestTaskTests.release.xcconfig */,
				7A3382C01C6E794C40AFFB36 /* Pods-TestTaskUITests.debug.xcconfig */,
				DF8EB2BAB1EE7D55B6E58573 /* Pods-TestTaskUITests.release.xcconfig */,
			);
			name = Pods;
			sourceTree = "<group>";
		};
		6CEFE447D9B8E94EE7873ED0 /* Frameworks */ = {
			isa = PBXGroup;
			children = (
				9977BC30B9BC7F38D3664969 /* Pods_TestTask.framework */,
				92DAE30791D8D62592D9EAB6 /* Pods_TestTaskTests.framework */,
				C76D1CE58CF45C1353BD1C92 /* Pods_TestTaskUITests.framework */,
			);
			name = Frameworks;
			sourceTree = "<group>";
		};
		C3CC5D941F0F348000D7C874 /* Logic */ = {
			isa = PBXGroup;
			children = (
				C3CC5DA21F0F34B700D7C874 /* WeatherManager.swift */,
			);
			name = Logic;
			sourceTree = "<group>";
		};
		C3CC5D951F0F348C00D7C874 /* Model */ = {
			isa = PBXGroup;
			children = (
				C3CC5D9E1F0F34B000D7C874 /* Weather.swift */,
				C3CC5D9F1F0F34B000D7C874 /* WeatherAPI.swift */,
			);
			name = Model;
			sourceTree = "<group>";
		};
		C3CC5D961F0F349300D7C874 /* UI */ = {
			isa = PBXGroup;
			children = (
				C3CC5DA41F0F34C300D7C874 /* ViewController.swift */,
				C3CC5D971F0F349A00D7C874 /* Components */,
			);
			name = UI;
			sourceTree = "<group>";
		};
		C3CC5D971F0F349A00D7C874 /* Components */ = {
			isa = PBXGroup;
			children = (
				C3CC5D981F0F34A900D7C874 /* EmailTextView.swift */,
				C3CC5D991F0F34A900D7C874 /* PasswordTextView.swift */,
				C3CC5D9A1F0F34A900D7C874 /* TextView.swift */,
			);
			name = Components;
			sourceTree = "<group>";
		};
		C3D36D3D1F053D9000B5CABA = {
			isa = PBXGroup;
			children = (
				C3D36D481F053D9000B5CABA /* TestTask */,
				C3D36D5D1F053D9100B5CABA /* TestTaskTests */,
				C3D36D681F053D9100B5CABA /* TestTaskUITests */,
				C3D36D471F053D9000B5CABA /* Products */,
				13CE46B677CDCE049BA00E55 /* Pods */,
				6CEFE447D9B8E94EE7873ED0 /* Frameworks */,
			);
			sourceTree = "<group>";
		};
		C3D36D471F053D9000B5CABA /* Products */ = {
			isa = PBXGroup;
			children = (
				C3D36D461F053D9000B5CABA /* TestTask.app */,
				C3D36D5A1F053D9100B5CABA /* TestTaskTests.xctest */,
				C3D36D651F053D9100B5CABA /* TestTaskUITests.xctest */,
			);
			name = Products;
			sourceTree = "<group>";
		};
		C3D36D481F053D9000B5CABA /* TestTask */ = {
			isa = PBXGroup;
			children = (
				C3CC5D961F0F349300D7C874 /* UI */,
				C3CC5D951F0F348C00D7C874 /* Model */,
				C3CC5D941F0F348000D7C874 /* Logic */,
				C3CC5D8B1F0F2CB000D7C874 /* Utils */,
				C3D36D491F053D9000B5CABA /* AppDelegate.swift */,
				C3D36D4D1F053D9000B5CABA /* Main.storyboard */,
				C3D36D501F053D9000B5CABA /* Assets.xcassets */,
				C3D36D521F053D9000B5CABA /* LaunchScreen.storyboard */,
				C3D36D551F053D9000B5CABA /* Info.plist */,
			);
			path = TestTask;
			sourceTree = "<group>";
		};
		C3D36D5D1F053D9100B5CABA /* TestTaskTests */ = {
			isa = PBXGroup;
			children = (
				C3D36D5E1F053D9100B5CABA /* TestTaskTests.swift */,
				C3D36D601F053D9100B5CABA /* Info.plist */,
			);
			path = TestTaskTests;
			sourceTree = "<group>";
		};
		C3D36D681F053D9100B5CABA /* TestTaskUITests */ = {
			isa = PBXGroup;
			children = (
				C3D36D691F053D9100B5CABA /* TestTaskUITests.swift */,
				C3D36D6B1F053D9100B5CABA /* Info.plist */,
			);
			path = TestTaskUITests;
			sourceTree = "<group>";
		};
/* End PBXGroup section */

/* Begin PBXNativeTarget section */
		C3D36D451F053D9000B5CABA /* TestTask */ = {
			isa = PBXNativeTarget;
			buildConfigurationList = C3D36D6E1F053D9100B5CABA /* Build configuration list for PBXNativeTarget "TestTask" */;
			buildPhases = (
				90F1062D52776AC2F6B36970 /* [CP] Check Pods Manifest.lock */,
				C3D36D421F053D9000B5CABA /* Sources */,
				C3D36D431F053D9000B5CABA /* Frameworks */,
				C3D36D441F053D9000B5CABA /* Resources */,
				172A4CC5AE0AA390AB65870E /* [CP] Embed Pods Frameworks */,
				35A0BB21449D36FE99538692 /* [CP] Copy Pods Resources */,
			);
			buildRules = (
			);
			dependencies = (
			);
			name = TestTask;
			productName = TestTask;
			productReference = C3D36D461F053D9000B5CABA /* TestTask.app */;
			productType = "com.apple.product-type.application";
		};
		C3D36D591F053D9100B5CABA /* TestTaskTests */ = {
			isa = PBXNativeTarget;
			buildConfigurationList = C3D36D711F053D9100B5CABA /* Build configuration list for PBXNativeTarget "TestTaskTests" */;
			buildPhases = (
				4458830F7634B6B64A67710B /* [CP] Check Pods Manifest.lock */,
				C3D36D561F053D9100B5CABA /* Sources */,
				C3D36D571F053D9100B5CABA /* Frameworks */,
				C3D36D581F053D9100B5CABA /* Resources */,
				AC859C0C0AA7D304290A45D2 /* [CP] Embed Pods Frameworks */,
				974CC9BED40AEFE10B93838B /* [CP] Copy Pods Resources */,
			);
			buildRules = (
			);
			dependencies = (
				C3D36D5C1F053D9100B5CABA /* PBXTargetDependency */,
			);
			name = TestTaskTests;
			productName = TestTaskTests;
			productReference = C3D36D5A1F053D9100B5CABA /* TestTaskTests.xctest */;
			productType = "com.apple.product-type.bundle.unit-test";
		};
		C3D36D641F053D9100B5CABA /* TestTaskUITests */ = {
			isa = PBXNativeTarget;
			buildConfigurationList = C3D36D741F053D9100B5CABA /* Build configuration list for PBXNativeTarget "TestTaskUITests" */;
			buildPhases = (
				CA2EF15CC1474B4E033EEF46 /* [CP] Check Pods Manifest.lock */,
				C3D36D611F053D9100B5CABA /* Sources */,
				C3D36D621F053D9100B5CABA /* Frameworks */,
				C3D36D631F053D9100B5CABA /* Resources */,
				289F775C7BA0A2A283001BF6 /* [CP] Embed Pods Frameworks */,
				AF43B509FA247D1B43806149 /* [CP] Copy Pods Resources */,
			);
			buildRules = (
			);
			dependencies = (
				C3D36D671F053D9100B5CABA /* PBXTargetDependency */,
			);
			name = TestTaskUITests;
			productName = TestTaskUITests;
			productReference = C3D36D651F053D9100B5CABA /* TestTaskUITests.xctest */;
			productType = "com.apple.product-type.bundle.ui-testing";
		};
/* End PBXNativeTarget section */

/* Begin PBXProject section */
		C3D36D3E1F053D9000B5CABA /* Project object */ = {
			isa = PBXProject;
			attributes = {
				LastSwiftUpdateCheck = 0830;
				LastUpgradeCheck = 0830;
				ORGANIZATIONNAME = "Vladislav Novoseltsev";
				TargetAttributes = {
					C3D36D451F053D9000B5CABA = {
						CreatedOnToolsVersion = 8.3.3;
						DevelopmentTeam = JB7K26S8YN;
						ProvisioningStyle = Automatic;
					};
					C3D36D591F053D9100B5CABA = {
						CreatedOnToolsVersion = 8.3.3;
						ProvisioningStyle = Automatic;
						TestTargetID = C3D36D451F053D9000B5CABA;
					};
					C3D36D641F053D9100B5CABA = {
						CreatedOnToolsVersion = 8.3.3;
						ProvisioningStyle = Automatic;
						TestTargetID = C3D36D451F053D9000B5CABA;
					};
				};
			};
			buildConfigurationList = C3D36D411F053D9000B5CABA /* Build configuration list for PBXProject "TestTask" */;
			compatibilityVersion = "Xcode 3.2";
			developmentRegion = English;
			hasScannedForEncodings = 0;
			knownRegions = (
				en,
				Base,
			);
			mainGroup = C3D36D3D1F053D9000B5CABA;
			productRefGroup = C3D36D471F053D9000B5CABA /* Products */;
			projectDirPath = "";
			projectRoot = "";
			targets = (
				C3D36D451F053D9000B5CABA /* TestTask */,
				C3D36D591F053D9100B5CABA /* TestTaskTests */,
				C3D36D641F053D9100B5CABA /* TestTaskUITests */,
			);
		};
/* End PBXProject section */

/* Begin PBXResourcesBuildPhase section */
		C3D36D441F053D9000B5CABA /* Resources */ = {
			isa = PBXResourcesBuildPhase;
			buildActionMask = 2147483647;
			files = (
				C3D36D541F053D9000B5CABA /* LaunchScreen.storyboard in Resources */,
				C3D36D511F053D9000B5CABA /* Assets.xcassets in Resources */,
				C3D36D4F1F053D9000B5CABA /* Main.storyboard in Resources */,
				C3CC5D8F1F0F2CB000D7C874 /* Utils in Resources */,
			);
			runOnlyForDeploymentPostprocessing = 0;
		};
		C3D36D581F053D9100B5CABA /* Resources */ = {
			isa = PBXResourcesBuildPhase;
			buildActionMask = 2147483647;
			files = (
			);
			runOnlyForDeploymentPostprocessing = 0;
		};
		C3D36D631F053D9100B5CABA /* Resources */ = {
			isa = PBXResourcesBuildPhase;
			buildActionMask = 2147483647;
			files = (
			);
			runOnlyForDeploymentPostprocessing = 0;
		};
/* End PBXResourcesBuildPhase section */

/* Begin PBXShellScriptBuildPhase section */
		172A4CC5AE0AA390AB65870E /* [CP] Embed Pods Frameworks */ = {
			isa = PBXShellScriptBuildPhase;
			buildActionMask = 2147483647;
			files = (
			);
			inputPaths = (
			);
			name = "[CP] Embed Pods Frameworks";
			outputPaths = (
			);
			runOnlyForDeploymentPostprocessing = 0;
			shellPath = /bin/sh;
			shellScript = "\"${SRCROOT}/Pods/Target Support Files/Pods-TestTask/Pods-TestTask-frameworks.sh\"\n";
			showEnvVarsInLog = 0;
		};
		289F775C7BA0A2A283001BF6 /* [CP] Embed Pods Frameworks */ = {
			isa = PBXShellScriptBuildPhase;
			buildActionMask = 2147483647;
			files = (
			);
			inputPaths = (
			);
			name = "[CP] Embed Pods Frameworks";
			outputPaths = (
			);
			runOnlyForDeploymentPostprocessing = 0;
			shellPath = /bin/sh;
			shellScript = "\"${SRCROOT}/Pods/Target Support Files/Pods-TestTaskUITests/Pods-TestTaskUITests-frameworks.sh\"\n";
			showEnvVarsInLog = 0;
		};
		35A0BB21449D36FE99538692 /* [CP] Copy Pods Resources */ = {
			isa = PBXShellScriptBuildPhase;
			buildActionMask = 2147483647;
			files = (
			);
			inputPaths = (
			);
			name = "[CP] Copy Pods Resources";
			outputPaths = (
			);
			runOnlyForDeploymentPostprocessing = 0;
			shellPath = /bin/sh;
			shellScript = "\"${SRCROOT}/Pods/Target Support Files/Pods-TestTask/Pods-TestTask-resources.sh\"\n";
			showEnvVarsInLog = 0;
		};
		4458830F7634B6B64A67710B /* [CP] Check Pods Manifest.lock */ = {
			isa = PBXShellScriptBuildPhase;
			buildActionMask = 2147483647;
			files = (
			);
			inputPaths = (
			);
			name = "[CP] Check Pods Manifest.lock";
			outputPaths = (
			);
			runOnlyForDeploymentPostprocessing = 0;
			shellPath = /bin/sh;
			shellScript = "diff \"${PODS_PODFILE_DIR_PATH}/Podfile.lock\" \"${PODS_ROOT}/Manifest.lock\" > /dev/null\nif [ $? != 0 ] ; then\n    # print error to STDERR\n    echo \"error: The sandbox is not in sync with the Podfile.lock. Run 'pod install' or update your CocoaPods installation.\" >&2\n    exit 1\nfi\n";
			showEnvVarsInLog = 0;
		};
		90F1062D52776AC2F6B36970 /* [CP] Check Pods Manifest.lock */ = {
			isa = PBXShellScriptBuildPhase;
			buildActionMask = 2147483647;
			files = (
			);
			inputPaths = (
			);
			name = "[CP] Check Pods Manifest.lock";
			outputPaths = (
			);
			runOnlyForDeploymentPostprocessing = 0;
			shellPath = /bin/sh;
			shellScript = "diff \"${PODS_PODFILE_DIR_PATH}/Podfile.lock\" \"${PODS_ROOT}/Manifest.lock\" > /dev/null\nif [ $? != 0 ] ; then\n    # print error to STDERR\n    echo \"error: The sandbox is not in sync with the Podfile.lock. Run 'pod install' or update your CocoaPods installation.\" >&2\n    exit 1\nfi\n";
			showEnvVarsInLog = 0;
		};
		974CC9BED40AEFE10B93838B /* [CP] Copy Pods Resources */ = {
			isa = PBXShellScriptBuildPhase;
			buildActionMask = 2147483647;
			files = (
			);
			inputPaths = (
			);
			name = "[CP] Copy Pods Resources";
			outputPaths = (
			);
			runOnlyForDeploymentPostprocessing = 0;
			shellPath = /bin/sh;
			shellScript = "\"${SRCROOT}/Pods/Target Support Files/Pods-TestTaskTests/Pods-TestTaskTests-resources.sh\"\n";
			showEnvVarsInLog = 0;
		};
		AC859C0C0AA7D304290A45D2 /* [CP] Embed Pods Frameworks */ = {
			isa = PBXShellScriptBuildPhase;
			buildActionMask = 2147483647;
			files = (
			);
			inputPaths = (
			);
			name = "[CP] Embed Pods Frameworks";
			outputPaths = (
			);
			runOnlyForDeploymentPostprocessing = 0;
			shellPath = /bin/sh;
			shellScript = "\"${SRCROOT}/Pods/Target Support Files/Pods-TestTaskTests/Pods-TestTaskTests-frameworks.sh\"\n";
			showEnvVarsInLog = 0;
		};
		AF43B509FA247D1B43806149 /* [CP] Copy Pods Resources */ = {
			isa = PBXShellScriptBuildPhase;
			buildActionMask = 2147483647;
			files = (
			);
			inputPaths = (
			);
			name = "[CP] Copy Pods Resources";
			outputPaths = (
			);
			runOnlyForDeploymentPostprocessing = 0;
			shellPath = /bin/sh;
			shellScript = "\"${SRCROOT}/Pods/Target Support Files/Pods-TestTaskUITests/Pods-TestTaskUITests-resources.sh\"\n";
			showEnvVarsInLog = 0;
		};
		CA2EF15CC1474B4E033EEF46 /* [CP] Check Pods Manifest.lock */ = {
			isa = PBXShellScriptBuildPhase;
			buildActionMask = 2147483647;
			files = (
			);
			inputPaths = (
			);
			name = "[CP] Check Pods Manifest.lock";
			outputPaths = (
			);
			runOnlyForDeploymentPostprocessing = 0;
			shellPath = /bin/sh;
			shellScript = "diff \"${PODS_PODFILE_DIR_PATH}/Podfile.lock\" \"${PODS_ROOT}/Manifest.lock\" > /dev/null\nif [ $? != 0 ] ; then\n    # print error to STDERR\n    echo \"error: The sandbox is not in sync with the Podfile.lock. Run 'pod install' or update your CocoaPods installation.\" >&2\n    exit 1\nfi\n";
			showEnvVarsInLog = 0;
		};
/* End PBXShellScriptBuildPhase section */

/* Begin PBXSourcesBuildPhase section */
		C3D36D421F053D9000B5CABA /* Sources */ = {
			isa = PBXSourcesBuildPhase;
			buildActionMask = 2147483647;
			files = (
				C3CC5D9D1F0F34A900D7C874 /* TextView.swift in Sources */,
				C3CC5D9B1F0F34A900D7C874 /* EmailTextView.swift in Sources */,
				C3CC5DA01F0F34B000D7C874 /* Weather.swift in Sources */,
				C3CC5DA51F0F34C300D7C874 /* ViewController.swift in Sources */,
				C3CC5DA31F0F34B700D7C874 /* WeatherManager.swift in Sources */,
				C3CC5D9C1F0F34A900D7C874 /* PasswordTextView.swift in Sources */,
				C3CC5DA11F0F34B000D7C874 /* WeatherAPI.swift in Sources */,
				C3CC5D931F0F32C500D7C874 /* Utils in Sources */,
				C3D36D4A1F053D9000B5CABA /* AppDelegate.swift in Sources */,
			);
			runOnlyForDeploymentPostprocessing = 0;
		};
		C3D36D561F053D9100B5CABA /* Sources */ = {
			isa = PBXSourcesBuildPhase;
			buildActionMask = 2147483647;
			files = (
				C3D36D5F1F053D9100B5CABA /* TestTaskTests.swift in Sources */,
			);
			runOnlyForDeploymentPostprocessing = 0;
		};
		C3D36D611F053D9100B5CABA /* Sources */ = {
			isa = PBXSourcesBuildPhase;
			buildActionMask = 2147483647;
			files = (
				C3D36D6A1F053D9100B5CABA /* TestTaskUITests.swift in Sources */,
			);
			runOnlyForDeploymentPostprocessing = 0;
		};
/* End PBXSourcesBuildPhase section */

/* Begin PBXTargetDependency section */
		C3D36D5C1F053D9100B5CABA /* PBXTargetDependency */ = {
			isa = PBXTargetDependency;
			target = C3D36D451F053D9000B5CABA /* TestTask */;
			targetProxy = C3D36D5B1F053D9100B5CABA /* PBXContainerItemProxy */;
		};
		C3D36D671F053D9100B5CABA /* PBXTargetDependency */ = {
			isa = PBXTargetDependency;
			target = C3D36D451F053D9000B5CABA /* TestTask */;
			targetProxy = C3D36D661F053D9100B5CABA /* PBXContainerItemProxy */;
		};
/* End PBXTargetDependency section */

/* Begin PBXVariantGroup section */
		C3D36D4D1F053D9000B5CABA /* Main.storyboard */ = {
			isa = PBXVariantGroup;
			children = (
				C3D36D4E1F053D9000B5CABA /* Base */,
			);
			name = Main.storyboard;
			sourceTree = "<group>";
		};
		C3D36D521F053D9000B5CABA /* LaunchScreen.storyboard */ = {
			isa = PBXVariantGroup;
			children = (
				C3D36D531F053D9000B5CABA /* Base */,
			);
			name = LaunchScreen.storyboard;
			sourceTree = "<group>";
		};
/* End PBXVariantGroup section */

/* Begin XCBuildConfiguration section */
		C3D36D6C1F053D9100B5CABA /* Debug */ = {
			isa = XCBuildConfiguration;
			buildSettings = {
				ALWAYS_SEARCH_USER_PATHS = NO;
				CLANG_ANALYZER_NONNULL = YES;
				CLANG_ANALYZER_NUMBER_OBJECT_CONVERSION = YES_AGGRESSIVE;
				CLANG_CXX_LANGUAGE_STANDARD = "gnu++0x";
				CLANG_CXX_LIBRARY = "libc++";
				CLANG_ENABLE_MODULES = YES;
				CLANG_ENABLE_OBJC_ARC = YES;
				CLANG_WARN_BOOL_CONVERSION = YES;
				CLANG_WARN_CONSTANT_CONVERSION = YES;
				CLANG_WARN_DIRECT_OBJC_ISA_USAGE = YES_ERROR;
				CLANG_WARN_DOCUMENTATION_COMMENTS = YES;
				CLANG_WARN_EMPTY_BODY = YES;
				CLANG_WARN_ENUM_CONVERSION = YES;
				CLANG_WARN_INFINITE_RECURSION = YES;
				CLANG_WARN_INT_CONVERSION = YES;
				CLANG_WARN_OBJC_ROOT_CLASS = YES_ERROR;
				CLANG_WARN_SUSPICIOUS_MOVE = YES;
				CLANG_WARN_UNREACHABLE_CODE = YES;
				CLANG_WARN__DUPLICATE_METHOD_MATCH = YES;
				"CODE_SIGN_IDENTITY[sdk=iphoneos*]" = "iPhone Developer";
				COPY_PHASE_STRIP = NO;
				DEBUG_INFORMATION_FORMAT = dwarf;
				ENABLE_STRICT_OBJC_MSGSEND = YES;
				ENABLE_TESTABILITY = YES;
				GCC_C_LANGUAGE_STANDARD = gnu99;
				GCC_DYNAMIC_NO_PIC = NO;
				GCC_NO_COMMON_BLOCKS = YES;
				GCC_OPTIMIZATION_LEVEL = 0;
				GCC_PREPROCESSOR_DEFINITIONS = (
					"DEBUG=1",
					"$(inherited)",
				);
				GCC_WARN_64_TO_32_BIT_CONVERSION = YES;
				GCC_WARN_ABOUT_RETURN_TYPE = YES_ERROR;
				GCC_WARN_UNDECLARED_SELECTOR = YES;
				GCC_WARN_UNINITIALIZED_AUTOS = YES_AGGRESSIVE;
				GCC_WARN_UNUSED_FUNCTION = YES;
				GCC_WARN_UNUSED_VARIABLE = YES;
				IPHONEOS_DEPLOYMENT_TARGET = 10.3;
				MTL_ENABLE_DEBUG_INFO = YES;
				ONLY_ACTIVE_ARCH = YES;
				SDKROOT = iphoneos;
				SWIFT_ACTIVE_COMPILATION_CONDITIONS = DEBUG;
				SWIFT_OPTIMIZATION_LEVEL = "-Onone";
				TARGETED_DEVICE_FAMILY = "1,2";
			};
			name = Debug;
		};
		C3D36D6D1F053D9100B5CABA /* Release */ = {
			isa = XCBuildConfiguration;
			buildSettings = {
				ALWAYS_SEARCH_USER_PATHS = NO;
				CLANG_ANALYZER_NONNULL = YES;
				CLANG_ANALYZER_NUMBER_OBJECT_CONVERSION = YES_AGGRESSIVE;
				CLANG_CXX_LANGUAGE_STANDARD = "gnu++0x";
				CLANG_CXX_LIBRARY = "libc++";
				CLANG_ENABLE_MODULES = YES;
				CLANG_ENABLE_OBJC_ARC = YES;
				CLANG_WARN_BOOL_CONVERSION = YES;
				CLANG_WARN_CONSTANT_CONVERSION = YES;
				CLANG_WARN_DIRECT_OBJC_ISA_USAGE = YES_ERROR;
				CLANG_WARN_DOCUMENTATION_COMMENTS = YES;
				CLANG_WARN_EMPTY_BODY = YES;
				CLANG_WARN_ENUM_CONVERSION = YES;
				CLANG_WARN_INFINITE_RECURSION = YES;
				CLANG_WARN_INT_CONVERSION = YES;
				CLANG_WARN_OBJC_ROOT_CLASS = YES_ERROR;
				CLANG_WARN_SUSPICIOUS_MOVE = YES;
				CLANG_WARN_UNREACHABLE_CODE = YES;
				CLANG_WARN__DUPLICATE_METHOD_MATCH = YES;
				"CODE_SIGN_IDENTITY[sdk=iphoneos*]" = "iPhone Developer";
				COPY_PHASE_STRIP = NO;
				DEBUG_INFORMATION_FORMAT = "dwarf-with-dsym";
				ENABLE_NS_ASSERTIONS = NO;
				ENABLE_STRICT_OBJC_MSGSEND = YES;
				GCC_C_LANGUAGE_STANDARD = gnu99;
				GCC_NO_COMMON_BLOCKS = YES;
				GCC_WARN_64_TO_32_BIT_CONVERSION = YES;
				GCC_WARN_ABOUT_RETURN_TYPE = YES_ERROR;
				GCC_WARN_UNDECLARED_SELECTOR = YES;
				GCC_WARN_UNINITIALIZED_AUTOS = YES_AGGRESSIVE;
				GCC_WARN_UNUSED_FUNCTION = YES;
				GCC_WARN_UNUSED_VARIABLE = YES;
				IPHONEOS_DEPLOYMENT_TARGET = 10.3;
				MTL_ENABLE_DEBUG_INFO = NO;
				SDKROOT = iphoneos;
				SWIFT_OPTIMIZATION_LEVEL = "-Owholemodule";
				TARGETED_DEVICE_FAMILY = "1,2";
				VALIDATE_PRODUCT = YES;
			};
			name = Release;
		};
		C3D36D6F1F053D9100B5CABA /* Debug */ = {
			isa = XCBuildConfiguration;
			baseConfigurationReference = 7114C6449BD94B5E9A282B14 /* Pods-TestTask.debug.xcconfig */;
			buildSettings = {
				ASSETCATALOG_COMPILER_APPICON_NAME = AppIcon;
				DEVELOPMENT_TEAM = JB7K26S8YN;
				INFOPLIST_FILE = TestTask/Info.plist;
				IPHONEOS_DEPLOYMENT_TARGET = 8.0;
				LD_RUNPATH_SEARCH_PATHS = "$(inherited) @executable_path/Frameworks";
				PRODUCT_BUNDLE_IDENTIFIER = com.home.TestTask;
				PRODUCT_NAME = "$(TARGET_NAME)";
				SWIFT_VERSION = 3.0;
			};
			name = Debug;
		};
		C3D36D701F053D9100B5CABA /* Release */ = {
			isa = XCBuildConfiguration;
			baseConfigurationReference = 68F890DC26E302E9F3DFB503 /* Pods-TestTask.release.xcconfig */;
			buildSettings = {
				ASSETCATALOG_COMPILER_APPICON_NAME = AppIcon;
				DEVELOPMENT_TEAM = JB7K26S8YN;
				INFOPLIST_FILE = TestTask/Info.plist;
				IPHONEOS_DEPLOYMENT_TARGET = 8.0;
				LD_RUNPATH_SEARCH_PATHS = "$(inherited) @executable_path/Frameworks";
				PRODUCT_BUNDLE_IDENTIFIER = com.home.TestTask;
				PRODUCT_NAME = "$(TARGET_NAME)";
				SWIFT_VERSION = 3.0;
			};
			name = Release;
		};
		C3D36D721F053D9100B5CABA /* Debug */ = {
			isa = XCBuildConfiguration;
			baseConfigurationReference = 7FE600D89B65D828AC32DB79 /* Pods-TestTaskTests.debug.xcconfig */;
			buildSettings = {
				ALWAYS_EMBED_SWIFT_STANDARD_LIBRARIES = YES;
				BUNDLE_LOADER = "$(TEST_HOST)";
				INFOPLIST_FILE = TestTaskTests/Info.plist;
				LD_RUNPATH_SEARCH_PATHS = "$(inherited) @executable_path/Frameworks @loader_path/Frameworks";
				PRODUCT_BUNDLE_IDENTIFIER = com.home.TestTaskTests;
				PRODUCT_NAME = "$(TARGET_NAME)";
				SWIFT_VERSION = 3.0;
				TEST_HOST = "$(BUILT_PRODUCTS_DIR)/TestTask.app/TestTask";
			};
			name = Debug;
		};
		C3D36D731F053D9100B5CABA /* Release */ = {
			isa = XCBuildConfiguration;
			baseConfigurationReference = 6F1BE6C45DD1F9A59DE62AB7 /* Pods-TestTaskTests.release.xcconfig */;
			buildSettings = {
				ALWAYS_EMBED_SWIFT_STANDARD_LIBRARIES = YES;
				BUNDLE_LOADER = "$(TEST_HOST)";
				INFOPLIST_FILE = TestTaskTests/Info.plist;
				LD_RUNPATH_SEARCH_PATHS = "$(inherited) @executable_path/Frameworks @loader_path/Frameworks";
				PRODUCT_BUNDLE_IDENTIFIER = com.home.TestTaskTests;
				PRODUCT_NAME = "$(TARGET_NAME)";
				SWIFT_VERSION = 3.0;
				TEST_HOST = "$(BUILT_PRODUCTS_DIR)/TestTask.app/TestTask";
			};
			name = Release;
		};
		C3D36D751F053D9100B5CABA /* Debug */ = {
			isa = XCBuildConfiguration;
			baseConfigurationReference = 7A3382C01C6E794C40AFFB36 /* Pods-TestTaskUITests.debug.xcconfig */;
			buildSettings = {
				ALWAYS_EMBED_SWIFT_STANDARD_LIBRARIES = YES;
				INFOPLIST_FILE = TestTaskUITests/Info.plist;
				LD_RUNPATH_SEARCH_PATHS = "$(inherited) @executable_path/Frameworks @loader_path/Frameworks";
				PRODUCT_BUNDLE_IDENTIFIER = com.home.TestTaskUITests;
				PRODUCT_NAME = "$(TARGET_NAME)";
				SWIFT_VERSION = 3.0;
				TEST_TARGET_NAME = TestTask;
			};
			name = Debug;
		};
		C3D36D761F053D9100B5CABA /* Release */ = {
			isa = XCBuildConfiguration;
			baseConfigurationReference = DF8EB2BAB1EE7D55B6E58573 /* Pods-TestTaskUITests.release.xcconfig */;
			buildSettings = {
				ALWAYS_EMBED_SWIFT_STANDARD_LIBRARIES = YES;
				INFOPLIST_FILE = TestTaskUITests/Info.plist;
				LD_RUNPATH_SEARCH_PATHS = "$(inherited) @executable_path/Frameworks @loader_path/Frameworks";
				PRODUCT_BUNDLE_IDENTIFIER = com.home.TestTaskUITests;
				PRODUCT_NAME = "$(TARGET_NAME)";
				SWIFT_VERSION = 3.0;
				TEST_TARGET_NAME = TestTask;
			};
			name = Release;
		};
/* End XCBuildConfiguration section */

/* Begin XCConfigurationList section */
		C3D36D411F053D9000B5CABA /* Build configuration list for PBXProject "TestTask" */ = {
			isa = XCConfigurationList;
			buildConfigurations = (
				C3D36D6C1F053D9100B5CABA /* Debug */,
				C3D36D6D1F053D9100B5CABA /* Release */,
			);
			defaultConfigurationIsVisible = 0;
			defaultConfigurationName = Release;
		};
		C3D36D6E1F053D9100B5CABA /* Build configuration list for PBXNativeTarget "TestTask" */ = {
			isa = XCConfigurationList;
			buildConfigurations = (
				C3D36D6F1F053D9100B5CABA /* Debug */,
				C3D36D701F053D9100B5CABA /* Release */,
			);
			defaultConfigurationIsVisible = 0;
			defaultConfigurationName = Release;
		};
		C3D36D711F053D9100B5CABA /* Build configuration list for PBXNativeTarget "TestTaskTests" */ = {
			isa = XCConfigurationList;
			buildConfigurations = (
				C3D36D721F053D9100B5CABA /* Debug */,
				C3D36D731F053D9100B5CABA /* Release */,
			);
			defaultConfigurationIsVisible = 0;
			defaultConfigurationName = Release;
		};
		C3D36D741F053D9100B5CABA /* Build configuration list for PBXNativeTarget "TestTaskUITests" */ = {
			isa = XCConfigurationList;
			buildConfigurations = (
				C3D36D751F053D9100B5CABA /* Debug */,
				C3D36D761F053D9100B5CABA /* Release */,
			);
			defaultConfigurationIsVisible = 0;
			defaultConfigurationName = Release;
		};
/* End XCConfigurationList section */
	};
	rootObject = C3D36D3E1F053D9000B5CABA /* Project object */;
}
